/project/sims-lab/lmorrill/data/lightning/alignment/cellrangerOUT/G2_rep1/outs/filtered_feature_bc_matrix/features.tsv.gz
/project/sims-lab/lmorrill/data/lightning/alignment/cellrangerOUT/G2_rep2/outs/filtered_feature_bc_matrix/features.tsv.gz
/project/sims-lab/lmorrill/data/lightning/alignment/cellrangerOUT/G1_rep2/outs/filtered_feature_bc_matrix/features.tsv.gz
/project/sims-lab/lmorrill/data/lightning/alignment/cellrangerOUT/G4_rep2/outs/filtered_feature_bc_matrix/features.tsv.gz
/project/sims-lab/lmorrill/data/lightning/alignment/cellrangerOUT/G3_rep2/outs/filtered_feature_bc_matrix/features.tsv.gz
/project/sims-lab/lmorrill/data/lightning/alignment/cellrangerOUT/G3_rep1/outs/filtered_feature_bc_matrix/features.tsv.gz
/project/sims-lab/lmorrill/data/lightning/alignment/cellrangerOUT/G4_rep1/outs/filtered_feature_bc_matrix/features.tsv.gz
