/project/sims-lab/lmorrill/data/lightning/alignment/KallistoOUT/dmel649Chrimson/G1_rep1
/project/sims-lab/lmorrill/data/lightning/alignment/KallistoOUT/dmel649Chrimson/G2_rep2
/project/sims-lab/lmorrill/data/lightning/alignment/KallistoOUT/dmel649Chrimson/G3_rep2
/project/sims-lab/lmorrill/data/lightning/alignment/KallistoOUT/dmel649Chrimson/G4_rep2
/project/sims-lab/lmorrill/data/lightning/alignment/KallistoOUT/dmel649Chrimson/G1_rep2
/project/sims-lab/lmorrill/data/lightning/alignment/KallistoOUT/dmel649Chrimson/G2_rep1
/project/sims-lab/lmorrill/data/lightning/alignment/KallistoOUT/dmel649Chrimson/G3_rep1
/project/sims-lab/lmorrill/data/lightning/alignment/KallistoOUT/dmel649Chrimson/G4_rep1
