/project/sims-lab/lmorrill/data/lightning/alignment/cellrangerOUT/dmel649Chrimson/G2_rep1/G2_rep1/outs/filtered_feature_bc_matrix/features.tsv.gz
/project/sims-lab/lmorrill/data/lightning/alignment/cellrangerOUT/dmel649Chrimson/G2_rep2/G2_rep2/outs/filtered_feature_bc_matrix/features.tsv.gz
/project/sims-lab/lmorrill/data/lightning/alignment/cellrangerOUT/dmel649Chrimson/G1_rep1/G1_rep1/outs/filtered_feature_bc_matrix/features.tsv.gz
/project/sims-lab/lmorrill/data/lightning/alignment/cellrangerOUT/dmel649Chrimson/G3_rep2/G3_rep2/outs/filtered_feature_bc_matrix/features.tsv.gz
/project/sims-lab/lmorrill/data/lightning/alignment/cellrangerOUT/dmel649Chrimson/G1_rep2/G1_rep2/outs/filtered_feature_bc_matrix/features.tsv.gz
/project/sims-lab/lmorrill/data/lightning/alignment/cellrangerOUT/dmel649Chrimson/G4_rep2/G4_rep2/outs/filtered_feature_bc_matrix/features.tsv.gz
/project/sims-lab/lmorrill/data/lightning/alignment/cellrangerOUT/dmel649Chrimson/G3_rep1/G3_rep1/outs/filtered_feature_bc_matrix/features.tsv.gz
/project/sims-lab/lmorrill/data/lightning/alignment/cellrangerOUT/dmel649Chrimson/G4_rep1/G4_rep1/outs/filtered_feature_bc_matrix/features.tsv.gz
